
Microsoft Visual Studio Solution File, Format Version 12.00
# Visual Studio Version 17
VisualStudioVersion = 17.0.31919.166
MinimumVisualStudioVersion = 10.0.40219.1
Project("{2150E333-8FDC-42A3-9474-1A3956D46DE8}") = "Solution Items", "Solution Items", "{316B70C6-85DB-41DD-BFC1-2A3A249ADCC6}"
	ProjectSection(SolutionItems) = preProject
		editorconfig = editorconfig
	EndProjectSection
EndProject
Project("{9A19103F-16F7-4668-BE54-9A1E7A4F7556}") = "Smart.FA.Catalog.Web", "src\Smart.FA.Catalog.Web\Smart.FA.Catalog.Web.csproj", "{874CD234-A08C-4982-BF22-80208075A136}"
EndProject
Project("{00D1A9C2-B5F0-4AF3-8072-F6C62B433612}") = "Smart.FA.Catalog.Sql", "src\Smart.FA.Catalog.Sql\Smart.FA.Catalog.Sql.sqlproj", "{0EFAB151-6EDE-4357-8687-AE9EB4715D1D}"
EndProject
Global
	GlobalSection(SolutionConfigurationPlatforms) = preSolution
		Debug|Any CPU = Debug|Any CPU
		Release|Any CPU = Release|Any CPU
	EndGlobalSection
	GlobalSection(ProjectConfigurationPlatforms) = postSolution
		{874CD234-A08C-4982-BF22-80208075A136}.Debug|Any CPU.ActiveCfg = Debug|Any CPU
		{874CD234-A08C-4982-BF22-80208075A136}.Debug|Any CPU.Build.0 = Debug|Any CPU
		{874CD234-A08C-4982-BF22-80208075A136}.Release|Any CPU.ActiveCfg = Release|Any CPU
		{874CD234-A08C-4982-BF22-80208075A136}.Release|Any CPU.Build.0 = Release|Any CPU
		{0EFAB151-6EDE-4357-8687-AE9EB4715D1D}.Debug|Any CPU.ActiveCfg = Debug|Any CPU
		{0EFAB151-6EDE-4357-8687-AE9EB4715D1D}.Debug|Any CPU.Build.0 = Debug|Any CPU
		{0EFAB151-6EDE-4357-8687-AE9EB4715D1D}.Debug|Any CPU.Deploy.0 = Debug|Any CPU
		{0EFAB151-6EDE-4357-8687-AE9EB4715D1D}.Release|Any CPU.ActiveCfg = Release|Any CPU
		{0EFAB151-6EDE-4357-8687-AE9EB4715D1D}.Release|Any CPU.Build.0 = Release|Any CPU
		{0EFAB151-6EDE-4357-8687-AE9EB4715D1D}.Release|Any CPU.Deploy.0 = Release|Any CPU
	EndGlobalSection
	GlobalSection(SolutionProperties) = preSolution
		HideSolutionNode = FALSE
	EndGlobalSection
	GlobalSection(ExtensibilityGlobals) = postSolution
		SolutionGuid = {72503FAE-62B3-455F-BC89-0FC27E902B5F}
	EndGlobalSection
EndGlobal
